{
  "lockfileVersion": 1,
  "configVersion": 1,
  "workspaces": {
    "": {
      "name": "opencode-inline-chart",
      "dependencies": {
        "@opencode-ai/plugin": "1.18.3",
        "@resvg/resvg-js": "^2.6.2",
        "vega": "^6.2.0",
        "vega-lite": "^6.4.3",
        "zod": "4.1.8",
      },
      "peerDependencies": {
        "@opentui/core": "0.1.97",
        "@opentui/solid": "0.1.97",
      },
      "optionalPeers": [
        "@opentui/core",
        "@opentui/solid",
      ],
    },
  },
  "packages": {
    "@ai-sdk/provider": ["@ai-sdk/provider@3.0.8", "", { "dependencies": { "json-schema": "^0.4.0" } }, "sha512-oGMAgGoQdBXbZqNG0Ze56CHjDZ1IDYOwGYxYjO5KLSlz5HiNQ9udIXsPZ61VWaHGZ5XW/jyjmr6t2xz2jGVwbQ=="],

    "@msgpackr-extract/msgpackr-extract-darwin-arm64": ["@msgpackr-extract/msgpackr-extract-darwin-arm64@3.0.4", "", { "os": "darwin", "cpu": "arm64" }, "sha512-LCkGo6JDfaBhgST7UpPWgNgLINpcpabaHfyz5OBx75nUYxBsaEPxjnyNjWpeb/xBup/682QnBfRBy2/LvPutZQ=="],

    "@msgpackr-extract/msgpackr-extract-darwin-x64": ["@msgpackr-extract/msgpackr-extract-darwin-x64@3.0.4", "", { "os": "darwin", "cpu": "x64" }, "sha512-zExlW9zUJKZH/tOtVMttwjKa4Xm/3KcNjnE3dPN92uCktwavMxpgCA3MoJK/DOnTWsQgo224OaST27/mPNAf+w=="],

    "@msgpackr-extract/msgpackr-extract-linux-arm": ["@msgpackr-extract/msgpackr-extract-linux-arm@3.0.4", "", { "os": "linux", "cpu": "arm" }, "sha512-Tg3yX65f5GbtXLkrYEHE5oibZG9epyYWas7FogTTEJeDEF9JlXJzKgXaNhT3UXlTOeA+AfZpYZYZ0uPj7Cfquw=="],

    "@msgpackr-extract/msgpackr-extract-linux-arm64": ["@msgpackr-extract/msgpackr-extract-linux-arm64@3.0.4", "", { "os": "linux", "cpu": "arm64" }, "sha512-dgX0P/9wGPJeHFBG+ZmhgE6bmtMt7NP5CRBGyyktpopdk/mW4POnrpQsSLtKI1dwpc+pPLuXHDh6vvskyQE/sw=="],

    "@msgpackr-extract/msgpackr-extract-linux-x64": ["@msgpackr-extract/msgpackr-extract-linux-x64@3.0.4", "", { "os": "linux", "cpu": "x64" }, "sha512-8TNXMEjJc3QEy7R/x1INhgiU+XakDAFUzBhaz7+Rbrs8NH5UQeHQxxmzsSBJGyV6I1jW79undiQm8tOI+D+8FQ=="],

    "@msgpackr-extract/msgpackr-extract-win32-x64": ["@msgpackr-extract/msgpackr-extract-win32-x64@3.0.4", "", { "os": "win32", "cpu": "x64" }, "sha512-CmCXPQrkbwExx3j946/PtHWHbYJiCRBRDl4BlkRQcJB/YOwQxJRTpoo7aTsortjgoJ1x7opzTSxn7C+ASSLVjQ=="],

    "@opencode-ai/plugin": ["@opencode-ai/plugin@1.18.3", "", { "dependencies": { "@ai-sdk/provider": "3.0.8", "@opencode-ai/sdk": "1.18.3", "effect": "4.0.0-beta.83", "zod": "4.1.8" }, "peerDependencies": { "@opentui/core": ">=0.4.3", "@opentui/keymap": ">=0.4.3", "@opentui/solid": ">=0.4.3" }, "optionalPeers": ["@opentui/core", "@opentui/keymap", "@opentui/solid"] }, "sha512-hAm/hZkSCsMSNHVy9DKmFtZAve/qYoIWpduNPcvXnnKK7NMlJEOQitA6CQC67Ym5DFKypDW1TC9YO6S1WdGtpg=="],

    "@opencode-ai/sdk": ["@opencode-ai/sdk@1.18.3", "", { "dependencies": { "cross-spawn": "7.0.6" } }, "sha512-Mevo4e6kQwbvto9E+42KSIVMhp+JBu+SwQhC5AomAvrV6Xkio3U249T+xDILDCXhl5Z/Hi/DlAuVLzpGnuh0gg=="],

    "@resvg/resvg-js": ["@resvg/resvg-js@2.6.2", "", { "optionalDependencies": { "@resvg/resvg-js-android-arm-eabi": "2.6.2", "@resvg/resvg-js-android-arm64": "2.6.2", "@resvg/resvg-js-darwin-arm64": "2.6.2", "@resvg/resvg-js-darwin-x64": "2.6.2", "@resvg/resvg-js-linux-arm-gnueabihf": "2.6.2", "@resvg/resvg-js-linux-arm64-gnu": "2.6.2", "@resvg/resvg-js-linux-arm64-musl": "2.6.2", "@resvg/resvg-js-linux-x64-gnu": "2.6.2", "@resvg/resvg-js-linux-x64-musl": "2.6.2", "@resvg/resvg-js-win32-arm64-msvc": "2.6.2", "@resvg/resvg-js-win32-ia32-msvc": "2.6.2", "@resvg/resvg-js-win32-x64-msvc": "2.6.2" } }, "sha512-xBaJish5OeGmniDj9cW5PRa/PtmuVU3ziqrbr5xJj901ZDN4TosrVaNZpEiLZAxdfnhAe7uQ7QFWfjPe9d9K2Q=="],

    "@resvg/resvg-js-android-arm-eabi": ["@resvg/resvg-js-android-arm-eabi@2.6.2", "", { "os": "android", "cpu": "arm" }, "sha512-FrJibrAk6v29eabIPgcTUMPXiEz8ssrAk7TXxsiZzww9UTQ1Z5KAbFJs+Z0Ez+VZTYgnE5IQJqBcoSiMebtPHA=="],

    "@resvg/resvg-js-android-arm64": ["@resvg/resvg-js-android-arm64@2.6.2", "", { "os": "android", "cpu": "arm64" }, "sha512-VcOKezEhm2VqzXpcIJoITuvUS/fcjIw5NA/w3tjzWyzmvoCdd+QXIqy3FBGulWdClvp4g+IfUemigrkLThSjAQ=="],

    "@resvg/resvg-js-darwin-arm64": ["@resvg/resvg-js-darwin-arm64@2.6.2", "", { "os": "darwin", "cpu": "arm64" }, "sha512-nmok2LnAd6nLUKI16aEB9ydMC6Lidiiq2m1nEBDR1LaaP7FGs4AJ90qDraxX+CWlVuRlvNjyYJTNv8qFjtL9+A=="],

    "@resvg/resvg-js-darwin-x64": ["@resvg/resvg-js-darwin-x64@2.6.2", "", { "os": "darwin", "cpu": "x64" }, "sha512-GInyZLjgWDfsVT6+SHxQVRwNzV0AuA1uqGsOAW+0th56J7Nh6bHHKXHBWzUrihxMetcFDmQMAX1tZ1fZDYSRsw=="],

    "@resvg/resvg-js-linux-arm-gnueabihf": ["@resvg/resvg-js-linux-arm-gnueabihf@2.6.2", "", { "os": "linux", "cpu": "arm" }, "sha512-YIV3u/R9zJbpqTTNwTZM5/ocWetDKGsro0SWp70eGEM9eV2MerWyBRZnQIgzU3YBnSBQ1RcxRZvY/UxwESfZIw=="],

    "@resvg/resvg-js-linux-arm64-gnu": ["@resvg/resvg-js-linux-arm64-gnu@2.6.2", "", { "os": "linux", "cpu": "arm64" }, "sha512-zc2BlJSim7YR4FZDQ8OUoJg5holYzdiYMeobb9pJuGDidGL9KZUv7SbiD4E8oZogtYY42UZEap7dqkkYuA91pg=="],

    "@resvg/resvg-js-linux-arm64-musl": ["@resvg/resvg-js-linux-arm64-musl@2.6.2", "", { "os": "linux", "cpu": "arm64" }, "sha512-3h3dLPWNgSsD4lQBJPb4f+kvdOSJHa5PjTYVsWHxLUzH4IFTJUAnmuWpw4KqyQ3NA5QCyhw4TWgxk3jRkQxEKg=="],

    "@resvg/resvg-js-linux-x64-gnu": ["@resvg/resvg-js-linux-x64-gnu@2.6.2", "", { "os": "linux", "cpu": "x64" }, "sha512-IVUe+ckIerA7xMZ50duAZzwf1U7khQe2E0QpUxu5MBJNao5RqC0zwV/Zm965vw6D3gGFUl7j4m+oJjubBVoftw=="],

    "@resvg/resvg-js-linux-x64-musl": ["@resvg/resvg-js-linux-x64-musl@2.6.2", "", { "os": "linux", "cpu": "x64" }, "sha512-UOf83vqTzoYQO9SZ0fPl2ZIFtNIz/Rr/y+7X8XRX1ZnBYsQ/tTb+cj9TE+KHOdmlTFBxhYzVkP2lRByCzqi4jQ=="],

    "@resvg/resvg-js-win32-arm64-msvc": ["@resvg/resvg-js-win32-arm64-msvc@2.6.2", "", { "os": "win32", "cpu": "arm64" }, "sha512-7C/RSgCa+7vqZ7qAbItfiaAWhyRSoD4l4BQAbVDqRRsRgY+S+hgS3in0Rxr7IorKUpGE69X48q6/nOAuTJQxeQ=="],

    "@resvg/resvg-js-win32-ia32-msvc": ["@resvg/resvg-js-win32-ia32-msvc@2.6.2", "", { "os": "win32", "cpu": "ia32" }, "sha512-har4aPAlvjnLcil40AC77YDIk6loMawuJwFINEM7n0pZviwMkMvjb2W5ZirsNOZY4aDbo5tLx0wNMREp5Brk+w=="],

    "@resvg/resvg-js-win32-x64-msvc": ["@resvg/resvg-js-win32-x64-msvc@2.6.2", "", { "os": "win32", "cpu": "x64" }, "sha512-ZXtYhtUr5SSaBrUDq7DiyjOFJqBVL/dOBN7N/qmi/pO0IgiWW/f/ue3nbvu9joWE5aAKDoIzy/CxsY0suwGosQ=="],

    "@standard-schema/spec": ["@standard-schema/spec@1.1.0", "", {}, "sha512-l2aFy5jALhniG5HgqrD6jXLi/rUWrKvqN/qJx6yoJsgKhblVd+iqqU4RCXavm/jPityDo5TCvKMnpjKnOriy0w=="],

    "@types/estree": ["@types/estree@1.0.9", "", {}, "sha512-GhdPgy1el4/ImP05X05Uw4cw2/M93BCUmnEvWZNStlCzEKME4Fkk+YpoA5OiHNQmoS7Cafb8Xa3Pya8m1Qrzeg=="],

    "@types/geojson": ["@types/geojson@7946.0.16", "", {}, "sha512-6C8nqWur3j98U6+lXDfTUWIfgvZU+EumvpHKcYjujKH7woYyLj2sUmff0tRhrqM7BohUw7Pz3ZB1jj2gW9Fvmg=="],

    "ansi-regex": ["ansi-regex@6.2.2", "", {}, "sha512-Bq3SmSpyFHaWjPk8If9yc6svM8c56dB5BAtW4Qbw5jHTwwXXcTLoRMkpDJp6VL0XzlWaCHTXrkFURMYmD0sLqg=="],

    "ansi-styles": ["ansi-styles@6.2.3", "", {}, "sha512-4Dj6M28JB+oAH8kFkTLUo+a2jwOFkuqb3yucU0CANcRRUbxS0cP0nZYCGjcc3BNXwRIsUVmDGgzawme7zvJHvg=="],

    "cliui": ["cliui@9.0.1", "", { "dependencies": { "string-width": "^7.2.0", "strip-ansi": "^7.1.0", "wrap-ansi": "^9.0.0" } }, "sha512-k7ndgKhwoQveBL+/1tqGJYNz097I7WOvwbmmU2AR5+magtbjPWQTS1C5vzGkBC8Ym8UWRzfKUzUUqFLypY4Q+w=="],

    "commander": ["commander@7.2.0", "", {}, "sha512-QrWXB+ZQSVPmIWIhtEO9H+gwHaMGYiF5ChvoJ+K9ZGHG/sVsa6yiesAD1GC/x46sET00Xlwo1u49RVVVzvcSkw=="],

    "cross-spawn": ["cross-spawn@7.0.6", "", { "dependencies": { "path-key": "^3.1.0", "shebang-command": "^2.0.0", "which": "^2.0.1" } }, "sha512-uV2QOWP2nWzsy2aMp8aRibhi9dlzF5Hgh5SHaB9OiTGEyDTiJJyx0uy51QXdyWbtAHNua4XJzUKca3OzKUd3vA=="],

    "d3-array": ["d3-array@3.2.4", "", { "dependencies": { "internmap": "1 - 2" } }, "sha512-tdQAmyA18i4J7wprpYq8ClcxZy3SC31QMeByyCFyRt7BVHdREQZ5lpzoe5mFEYZUWe+oq8HBvk9JjpibyEV4Jg=="],

    "d3-color": ["d3-color@3.1.0", "", {}, "sha512-zg/chbXyeBtMQ1LbD/WSoW2DpC3I0mpmPdW+ynRTj/x2DAWYrIY7qeZIHidozwV24m4iavr15lNwIwLxRmOxhA=="],

    "d3-delaunay": ["d3-delaunay@6.0.4", "", { "dependencies": { "delaunator": "5" } }, "sha512-mdjtIZ1XLAM8bm/hx3WwjfHt6Sggek7qH043O8KEjDXN40xi3vx/6pYSVTwLjEgiXQTbvaouWKynLBiUZ6SK6A=="],

    "d3-dispatch": ["d3-dispatch@3.0.1", "", {}, "sha512-rzUyPU/S7rwUflMyLc1ETDeBj0NRuHKKAcvukozwhshr6g6c5d8zh4c2gQjY2bZ0dXeGLWc1PF174P2tVvKhfg=="],

    "d3-dsv": ["d3-dsv@3.0.1", "", { "dependencies": { "commander": "7", "iconv-lite": "0.6", "rw": "1" }, "bin": { "csv2json": "bin/dsv2json.js", "csv2tsv": "bin/dsv2dsv.js", "dsv2dsv": "bin/dsv2dsv.js", "dsv2json": "bin/dsv2json.js", "json2csv": "bin/json2dsv.js", "json2dsv": "bin/json2dsv.js", "json2tsv": "bin/json2dsv.js", "tsv2csv": "bin/dsv2dsv.js", "tsv2json": "bin/dsv2json.js" } }, "sha512-UG6OvdI5afDIFP9w4G0mNq50dSOsXHJaRE8arAS5o9ApWnIElp8GZw1Dun8vP8OyHOZ/QJUKUJwxiiCCnUwm+Q=="],

    "d3-force": ["d3-force@3.0.0", "", { "dependencies": { "d3-dispatch": "1 - 3", "d3-quadtree": "1 - 3", "d3-timer": "1 - 3" } }, "sha512-zxV/SsA+U4yte8051P4ECydjD/S+qeYtnaIyAs9tgHCqfguma/aAQDjo85A9Z6EKhBirHRJHXIgJUlffT4wdLg=="],

    "d3-format": ["d3-format@3.1.2", "", {}, "sha512-AJDdYOdnyRDV5b6ArilzCPPwc1ejkHcoyFarqlPqT7zRYjhavcT3uSrqcMvsgh2CgoPbK3RCwyHaVyxYcP2Arg=="],

    "d3-geo": ["d3-geo@3.1.1", "", { "dependencies": { "d3-array": "2.5.0 - 3" } }, "sha512-637ln3gXKXOwhalDzinUgY83KzNWZRKbYubaG+fGVuc/dxO64RRljtCTnf5ecMyE1RIdtqpkVcq0IbtU2S8j2Q=="],

    "d3-geo-projection": ["d3-geo-projection@4.0.0", "", { "dependencies": { "commander": "7", "d3-array": "1 - 3", "d3-geo": "1.12.0 - 3" }, "bin": { "geo2svg": "bin/geo2svg.js", "geograticule": "bin/geograticule.js", "geoproject": "bin/geoproject.js", "geoquantize": "bin/geoquantize.js", "geostitch": "bin/geostitch.js" } }, "sha512-p0bK60CEzph1iqmnxut7d/1kyTmm3UWtPlwdkM31AU+LW+BXazd5zJdoCn7VFxNCHXRngPHRnsNn5uGjLRGndg=="],

    "d3-hierarchy": ["d3-hierarchy@3.1.2", "", {}, "sha512-FX/9frcub54beBdugHjDCdikxThEqjnR93Qt7PvQTOHxyiNCAlvMrHhclk3cD5VeAaq9fxmfRp+CnWw9rEMBuA=="],

    "d3-interpolate": ["d3-interpolate@3.0.1", "", { "dependencies": { "d3-color": "1 - 3" } }, "sha512-3bYs1rOD33uo8aqJfKP3JWPAibgw8Zm2+L9vBKEHJ2Rg+viTR7o5Mmv5mZcieN+FRYaAOWX5SJATX6k1PWz72g=="],

    "d3-path": ["d3-path@3.1.0", "", {}, "sha512-p3KP5HCf/bvjBSSKuXid6Zqijx7wIfNW+J/maPs+iwR35at5JCbLUT0LzF1cnjbCHWhqzQTIN2Jpe8pRebIEFQ=="],

    "d3-quadtree": ["d3-quadtree@3.0.1", "", {}, "sha512-04xDrxQTDTCFwP5H6hRhsRcb9xxv2RzkcsygFzmkSIOJy3PeRJP7sNk3VRIbKXcog561P9oU0/rVH6vDROAgUw=="],

    "d3-scale": ["d3-scale@4.0.2", "", { "dependencies": { "d3-array": "2.10.0 - 3", "d3-format": "1 - 3", "d3-interpolate": "1.2.0 - 3", "d3-time": "2.1.1 - 3", "d3-time-format": "2 - 4" } }, "sha512-GZW464g1SH7ag3Y7hXjf8RoUuAFIqklOAq3MRl4OaWabTFJY9PN/E1YklhXLh+OQ3fM9yS2nOkCoS+WLZ6kvxQ=="],

    "d3-scale-chromatic": ["d3-scale-chromatic@3.1.0", "", { "dependencies": { "d3-color": "1 - 3", "d3-interpolate": "1 - 3" } }, "sha512-A3s5PWiZ9YCXFye1o246KoscMWqf8BsD9eRiJ3He7C9OBaxKhAd5TFCdEx/7VbKtxxTsu//1mMJFrEt572cEyQ=="],

    "d3-shape": ["d3-shape@3.2.0", "", { "dependencies": { "d3-path": "^3.1.0" } }, "sha512-SaLBuwGm3MOViRq2ABk3eLoxwZELpH6zhl3FbAoJ7Vm1gofKx6El1Ib5z23NUEhF9AsGl7y+dzLe5Cw2AArGTA=="],

    "d3-time": ["d3-time@3.1.0", "", { "dependencies": { "d3-array": "2 - 3" } }, "sha512-VqKjzBLejbSMT4IgbmVgDjpkYrNWUYJnbCGo874u7MMKIWsILRX+OpX/gTk8MqjpT1A/c6HY2dCA77ZN0lkQ2Q=="],

    "d3-time-format": ["d3-time-format@4.1.0", "", { "dependencies": { "d3-time": "1 - 3" } }, "sha512-dJxPBlzC7NugB2PDLwo9Q8JiTR3M3e4/XANkreKSUxF8vvXKqm1Yfq4Q5dl8budlunRVlUUaDUgFt7eA8D6NLg=="],

    "d3-timer": ["d3-timer@3.0.1", "", {}, "sha512-ndfJ/JxxMd3nw31uyKoY2naivF+r29V+Lc0svZxe1JvvIRmi8hUsrMvdOwgS1o6uBHmiz91geQ0ylPP0aj1VUA=="],

    "delaunator": ["delaunator@5.1.0", "", { "dependencies": { "robust-predicates": "^3.0.2" } }, "sha512-AGrQ4QSgssa1NGmWmLPqN5NY2KajF5MqxetNEO+o0n3ZwZZeTmt7bBnvzHWrmkZFxGgr4HdyFgelzgi06otLuQ=="],

    "detect-libc": ["detect-libc@2.1.2", "", {}, "sha512-Btj2BOOO83o3WyH59e8MgXsxEQVcarkUOpEYrubB0urwnN10yQ364rsiByU11nZlqWYZm05i/of7io4mzihBtQ=="],

    "effect": ["effect@4.0.0-beta.83", "", { "dependencies": { "@standard-schema/spec": "^1.1.0", "fast-check": "^4.8.0", "find-my-way-ts": "^0.1.6", "ini": "^7.0.0", "kubernetes-types": "^1.30.0", "msgpackr": "^2.0.1", "multipasta": "^0.2.7", "toml": "^4.1.1", "uuid": "^14.0.0", "yaml": "^2.9.0" } }, "sha512-0wsak8RtgGAr9UWSbVDgJHZcUqMSvicHcvaZv1MbMM7MCGgW4Rn/137J1MHQbwYPcwYGxT/IqehFd+UbYuj78w=="],

    "emoji-regex": ["emoji-regex@10.6.0", "", {}, "sha512-toUI84YS5YmxW219erniWD0CIVOo46xGKColeNQRgOzDorgBi1v4D71/OFzgD9GO2UGKIv1C3Sp8DAn0+j5w7A=="],

    "escalade": ["escalade@3.2.0", "", {}, "sha512-WUj2qlxaQtO4g6Pq5c29GTcWGDyd8itL8zTlipgECz3JesAiiOKotd8JU6otB3PACgG6xkJUyVhboMS+bje/jA=="],

    "fast-check": ["fast-check@4.9.0", "", { "dependencies": { "pure-rand": "^8.0.0" } }, "sha512-7ms6T7SybUev/PQITciI0yLM2pOSFy5zpG8Ty7tQofcVaQUvrMXp6CBwqF6fThLCLOrfBtuHAtwq6Yu4XPCllg=="],

    "find-my-way-ts": ["find-my-way-ts@0.1.6", "", {}, "sha512-a85L9ZoXtNAey3Y6Z+eBWW658kO/MwR7zIafkIUPUMf3isZG0NCs2pjW2wtjxAKuJPxMAsHUIP4ZPGv0o5gyTA=="],

    "get-caller-file": ["get-caller-file@2.0.5", "", {}, "sha512-DyFP3BM/3YHTQOCUL/w0OZHR0lpKeGrxotcHWcqNEdnltqFwXVfhEBQ94eIo34AfQpo0rGki4cyIiftY06h2Fg=="],

    "get-east-asian-width": ["get-east-asian-width@1.6.0", "", {}, "sha512-QRbvDIbx6YklUe6RxeTeleMR0yv3cYH6PsPZHcnVn7xv7zO1BHN8r0XETu8n6Ye3Q+ahtSarc3WgtNWmehIBfA=="],

    "iconv-lite": ["iconv-lite@0.6.3", "", { "dependencies": { "safer-buffer": ">= 2.1.2 < 3.0.0" } }, "sha512-4fCk79wshMdzMp2rH06qWrJE4iolqLhCUH+OiuIgU++RB0+94NlDL81atO7GX55uUKueo0txHNtvEyI6D7WdMw=="],

    "ini": ["ini@7.0.0", "", {}, "sha512-ifK0CgjALofS5bkrcTy4RaQ9Vx2Knf/eLeIO+NaswQEpH1UblrtTSCIvN71qQDMq0PeQ/SSPojvEJp9vvvfr+w=="],

    "internmap": ["internmap@2.0.3", "", {}, "sha512-5Hh7Y1wQbvY5ooGgPbDaL5iYLAPzMTUrjMulskHLH6wnv/A+1q5rgEaiuqEjB+oxGXIVZs1FF+R/KPN3ZSQYYg=="],

    "isexe": ["isexe@2.0.0", "", {}, "sha512-RHxMLp9lnKHGHRng9QFhRCMbYAcVpn69smSGcq3f36xjgVVWThj4qqLbTLlq7Ssj8B+fIQ1EuCEGI2lKsyQeIw=="],

    "json-schema": ["json-schema@0.4.0", "", {}, "sha512-es94M3nTIfsEPisRafak+HDLfHXnKBhV3vU5eqPcS3flIWqcxJWgXHXiey3YrpaNsanY5ei1VoYEbOzijuq9BA=="],

    "json-stringify-pretty-compact": ["json-stringify-pretty-compact@4.0.0", "", {}, "sha512-3CNZ2DnrpByG9Nqj6Xo8vqbjT4F6N+tb4Gb28ESAZjYZ5yqvmc56J+/kuIwkaAMOyblTQhUW7PxMkUb8Q36N3Q=="],

    "kubernetes-types": ["kubernetes-types@1.30.0", "", {}, "sha512-Dew1okvhM/SQcIa2rcgujNndZwU8VnSapDgdxlYoB84ZlpAD43U6KLAFqYo17ykSFGHNPrg0qry0bP+GJd9v7Q=="],

    "msgpackr": ["msgpackr@2.0.4", "", { "optionalDependencies": { "msgpackr-extract": "^3.0.4" } }, "sha512-o1C5KRmuRt+apqMr1HuGSqWStZoRBUpEsCsl15uM9VdAF1qHLtvMOU2En747EnTyEl6c4pzPewRMFF31s1CNbA=="],

    "msgpackr-extract": ["msgpackr-extract@3.0.4", "", { "dependencies": { "node-gyp-build-optional-packages": "5.2.2" }, "optionalDependencies": { "@msgpackr-extract/msgpackr-extract-darwin-arm64": "3.0.4", "@msgpackr-extract/msgpackr-extract-darwin-x64": "3.0.4", "@msgpackr-extract/msgpackr-extract-linux-arm": "3.0.4", "@msgpackr-extract/msgpackr-extract-linux-arm64": "3.0.4", "@msgpackr-extract/msgpackr-extract-linux-x64": "3.0.4", "@msgpackr-extract/msgpackr-extract-win32-x64": "3.0.4" }, "bin": { "download-msgpackr-prebuilds": "bin/download-prebuilds.js" } }, "sha512-4kmO/MdyUIkLIvTPr8VHLil4AtoKIoniWPIEk5+CDy0xnWC84azhSFmuJ7PxZdsYtiP5kEeQsORAVIeMgxT+Hw=="],

    "multipasta": ["multipasta@0.2.8", "", {}, "sha512-ZPWuMKyv0cSO29f7hozp+k6+crZbQijV8ipMvxNxRf2SwtYGTX1ZX89Kd20VV4H9Znonx+EQn+iy1wGQsJ+b+Q=="],

    "node-gyp-build-optional-packages": ["node-gyp-build-optional-packages@5.2.2", "", { "dependencies": { "detect-libc": "^2.0.1" }, "bin": { "node-gyp-build-optional-packages": "bin.js", "node-gyp-build-optional-packages-optional": "optional.js", "node-gyp-build-optional-packages-test": "build-test.js" } }, "sha512-s+w+rBWnpTMwSFbaE0UXsRlg7hU4FjekKU4eyAih5T8nJuNZT1nNsskXpxmeqSK9UzkBl6UgRlnKc8hz8IEqOw=="],

    "path-key": ["path-key@3.1.1", "", {}, "sha512-ojmeN0qd+y0jszEtoY48r0Peq5dwMEkIlCOu6Q5f41lfkswXuKtYrhgoTpLnyIcHm24Uhqx+5Tqm2InSwLhE6Q=="],

    "pure-rand": ["pure-rand@8.4.2", "", {}, "sha512-vvuOGgcuPJAirlHvuQw1TrOiw7ptaIXXmIbNuiNOY6lNGJJH49PQ1Kj4nd783nPdQhQdicgOjVI2yI/9BD6/Ng=="],

    "robust-predicates": ["robust-predicates@3.0.3", "", {}, "sha512-NS3levdsRIUOmiJ8FZWCP7LG3QpJyrs/TE0Zpf1yvZu8cAJJ6QMW92H1c7kWpdIHo8RvmLxN/o2JXTKHp74lUA=="],

    "rw": ["rw@1.3.3", "", {}, "sha512-PdhdWy89SiZogBLaw42zdeqtRJ//zFd2PgQavcICDUgJT5oW10QCRKbJ6bg4r0/UY2M6BWd5tkxuGFRvCkgfHQ=="],

    "safer-buffer": ["safer-buffer@2.1.2", "", {}, "sha512-YZo3K82SD7Riyi0E1EQPojLz7kpepnSQI9IyPbHHg1XXXevb5dJI7tpyN2ADxGcQbHG7vcyRHk0cbwqcQriUtg=="],

    "shebang-command": ["shebang-command@2.0.0", "", { "dependencies": { "shebang-regex": "^3.0.0" } }, "sha512-kHxr2zZpYtdmrN1qDjrrX/Z1rR1kG8Dx+gkpK1G4eXmvXswmcE1hTWBWYUzlraYw1/yZp6YuDY77YtvbN0dmDA=="],

    "shebang-regex": ["shebang-regex@3.0.0", "", {}, "sha512-7++dFhtcx3353uBaq8DDR4NuxBetBzC7ZQOhmTQInHEd6bSrXdiEyzCvG07Z44UYdLShWUyXt5M/yhz8ekcb1A=="],

    "string-width": ["string-width@7.2.0", "", { "dependencies": { "emoji-regex": "^10.3.0", "get-east-asian-width": "^1.0.0", "strip-ansi": "^7.1.0" } }, "sha512-tsaTIkKW9b4N+AEj+SVA+WhJzV7/zMhcSu78mLKWSk7cXMOSHsBKFWUs0fWwq8QyK3MgJBQRX6Gbi4kYbdvGkQ=="],

    "strip-ansi": ["strip-ansi@7.2.0", "", { "dependencies": { "ansi-regex": "^6.2.2" } }, "sha512-yDPMNjp4WyfYBkHnjIRLfca1i6KMyGCtsVgoKe/z1+6vukgaENdgGBZt+ZmKPc4gavvEZ5OgHfHdrazhgNyG7w=="],

    "toml": ["toml@4.3.0", "", {}, "sha512-lVb8X9BsPVuH0M4BKeS91tXAmJvCjQ5UIyAbQFaxkKGyUFK2RPkhwaFSQH8vbpl1d23eu/IBH+dwVMHWaq9A5A=="],

    "topojson-client": ["topojson-client@3.1.0", "", { "dependencies": { "commander": "2" }, "bin": { "topo2geo": "bin/topo2geo", "topomerge": "bin/topomerge", "topoquantize": "bin/topoquantize" } }, "sha512-605uxS6bcYxGXw9qi62XyrV6Q3xwbndjachmNxu8HWTtVPxZfEJN9fd/SZS1Q54Sn2y0TMyMxFj/cJINqGHrKw=="],

    "tslib": ["tslib@2.8.1", "", {}, "sha512-oJFu94HQb+KVduSUQL7wnpmqnfmLsOA/nAh6b6EH0wCEoK0/mPeXU6c3wKDV83MkOuHPRHtSXKKU99IBazS/2w=="],

    "uuid": ["uuid@14.0.1", "", { "bin": { "uuid": "dist-node/bin/uuid" } }, "sha512-6ZxzVpzDXDa3bJWaHilVayA+BH/1zmxCJoVgvmqJnid/gPoKHxUrS/aC/T6LGQtNHT+XHG9fXPJB4d+IrU30Ew=="],

    "vega": ["vega@6.2.0", "", { "dependencies": { "vega-crossfilter": "~5.1.0", "vega-dataflow": "~6.1.0", "vega-encode": "~5.1.0", "vega-event-selector": "~4.0.0", "vega-expression": "~6.1.0", "vega-force": "~5.1.0", "vega-format": "~2.1.0", "vega-functions": "~6.1.0", "vega-geo": "~5.1.0", "vega-hierarchy": "~5.1.0", "vega-label": "~2.1.0", "vega-loader": "~5.1.0", "vega-parser": "~7.1.0", "vega-projection": "~2.1.0", "vega-regression": "~2.1.0", "vega-runtime": "~7.1.0", "vega-scale": "~8.1.0", "vega-scenegraph": "~5.1.0", "vega-statistics": "~2.0.0", "vega-time": "~3.1.0", "vega-transforms": "~5.1.0", "vega-typings": "~2.1.0", "vega-util": "~2.1.0", "vega-view": "~6.1.0", "vega-view-transforms": "~5.1.0", "vega-voronoi": "~5.1.0", "vega-wordcloud": "~5.1.0" } }, "sha512-BIwalIcEGysJdQDjeVUmMWB3e50jPDNAMfLJscjEvpunU9bSt7X1OYnQxkg3uBwuRRI4nWfFZO9uIW910nLeGw=="],

    "vega-canvas": ["vega-canvas@2.0.0", "", {}, "sha512-9x+4TTw/USYST5nx4yN272sy9WcqSRjAR0tkQYZJ4cQIeon7uVsnohvoPQK1JZu7K1QXGUqzj08z0u/UegBVMA=="],

    "vega-crossfilter": ["vega-crossfilter@5.1.0", "", { "dependencies": { "d3-array": "^3.2.4", "vega-dataflow": "^6.1.0", "vega-util": "^2.1.0" } }, "sha512-EmVhfP3p6AM7o/lPan/QAoqjblI19BxWUlvl2TSs0xjQd8KbaYYbS4Ixt3cmEvl0QjRdBMF6CdJJ/cy9DTS4Fw=="],

    "vega-dataflow": ["vega-dataflow@6.1.0", "", { "dependencies": { "vega-format": "^2.1.0", "vega-loader": "^5.1.0", "vega-util": "^2.1.0" } }, "sha512-JxumGlODtFbzoQ4c/jQK8Tb/68ih0lrexlCozcMfTAwQ12XhTqCvlafh7MAKKTMBizjOfaQTHm4Jkyb1H5CfyQ=="],

    "vega-encode": ["vega-encode@5.1.0", "", { "dependencies": { "d3-array": "^3.2.4", "d3-interpolate": "^3.0.1", "vega-dataflow": "^6.1.0", "vega-scale": "^8.1.0", "vega-util": "^2.1.0" } }, "sha512-q26oI7B+MBQYcTQcr5/c1AMsX3FvjZLQOBi7yI0vV+GEn93fElDgvhQiYrgeYSD4Exi/jBPeUXuN6p4bLz16kA=="],

    "vega-event-selector": ["vega-event-selector@4.0.0", "", {}, "sha512-CcWF4m4KL/al1Oa5qSzZ5R776q8lRxCj3IafCHs5xipoEHrkgu1BWa7F/IH5HrDNXeIDnqOpSV1pFsAWRak4gQ=="],

    "vega-expression": ["vega-expression@6.1.0", "", { "dependencies": { "@types/estree": "^1.0.8", "vega-util": "^2.1.0" } }, "sha512-hHgNx/fQ1Vn1u6vHSamH7lRMsOa/yQeHGGcWVmh8fZafLdwdhCM91kZD9p7+AleNpgwiwzfGogtpATFaMmDFYg=="],

    "vega-force": ["vega-force@5.1.0", "", { "dependencies": { "d3-force": "^3.0.0", "vega-dataflow": "^6.1.0", "vega-util": "^2.1.0" } }, "sha512-wdnchOSeXpF9Xx8Yp0s6Do9F7YkFeOn/E/nENtsI7NOcyHpICJ5+UkgjUo9QaQ/Yu+dIDU+sP/4NXsUtq6SMaQ=="],

    "vega-format": ["vega-format@2.1.0", "", { "dependencies": { "d3-array": "^3.2.4", "d3-format": "^3.1.0", "d3-time-format": "^4.1.0", "vega-time": "^3.1.0", "vega-util": "^2.1.0" } }, "sha512-i9Ht33IgqG36+S1gFDpAiKvXCPz+q+1vDhDGKK8YsgMxGOG4PzinKakI66xd7SdV4q97FgpR7odAXqtDN2wKqw=="],

    "vega-functions": ["vega-functions@6.1.1", "", { "dependencies": { "d3-array": "^3.2.4", "d3-color": "^3.1.0", "d3-geo": "^3.1.1", "vega-dataflow": "^6.1.0", "vega-expression": "^6.1.0", "vega-scale": "^8.1.0", "vega-scenegraph": "^5.1.0", "vega-selections": "^6.1.0", "vega-statistics": "^2.0.0", "vega-time": "^3.1.0", "vega-util": "^2.1.0" } }, "sha512-Due6jP0y0FfsGMTrHnzUGnEwXPu7VwE+9relfo+LjL/tRPYnnKqwWvzt7n9JkeBuZqjkgYjMzm/WucNn6Hkw5A=="],

    "vega-geo": ["vega-geo@5.1.0", "", { "dependencies": { "d3-array": "^3.2.4", "d3-color": "^3.1.0", "d3-geo": "^3.1.1", "vega-canvas": "^2.0.0", "vega-dataflow": "^6.1.0", "vega-projection": "^2.1.0", "vega-statistics": "^2.0.0", "vega-util": "^2.1.0" } }, "sha512-H8aBBHfthc3rzDbz/Th18+Nvp00J73q3uXGAPDQqizioDm/CoXCK8cX4pMePydBY9S6ikBiGJrLKFDa80wI20g=="],

    "vega-hierarchy": ["vega-hierarchy@5.1.0", "", { "dependencies": { "d3-hierarchy": "^3.1.2", "vega-dataflow": "^6.1.0", "vega-util": "^2.1.0" } }, "sha512-rZlU8QJNETlB6o73lGCPybZtw2fBBsRIRuFE77aCLFHdGsh6wIifhplVarqE9icBqjUHRRUOmcEYfzwVIPr65g=="],

    "vega-label": ["vega-label@2.1.0", "", { "dependencies": { "vega-canvas": "^2.0.0", "vega-dataflow": "^6.1.0", "vega-scenegraph": "^5.1.0", "vega-util": "^2.1.0" } }, "sha512-/hgf+zoA3FViDBehrQT42Lta3t8In6YwtMnwjYlh72zNn1p3c7E3YUBwqmAqTM1x+tudgzMRGLYig+bX1ewZxQ=="],

    "vega-lite": ["vega-lite@6.4.3", "", { "dependencies": { "json-stringify-pretty-compact": "~4.0.0", "tslib": "~2.8.1", "vega-event-selector": "~4.0.0", "vega-expression": "~6.1.0", "vega-util": "~2.1.0", "yargs": "~18.0.0" }, "peerDependencies": { "vega": "^6.0.0" }, "bin": { "vl2vg": "bin/vl2vg", "vl2pdf": "bin/vl2pdf", "vl2png": "bin/vl2png", "vl2svg": "bin/vl2svg" } }, "sha512-d/7hPjfz560UERaQuTmGgIVfXAe3g2hJWeC+igDeaGohUdEoNrHLXgR/yTOBT8vV/lIuuKnw+0/xWWblkDwkMQ=="],

    "vega-loader": ["vega-loader@5.1.0", "", { "dependencies": { "d3-dsv": "^3.0.1", "topojson-client": "^3.1.0", "vega-format": "^2.1.0", "vega-util": "^2.1.0" } }, "sha512-GaY3BdSPbPNdtrBz8SYUBNmNd8mdPc3mtdZfdkFazQ0RD9m+Toz5oR8fKnTamNSk9fRTJX0Lp3uEqxrAlQVreg=="],

    "vega-parser": ["vega-parser@7.1.0", "", { "dependencies": { "vega-dataflow": "^6.1.0", "vega-event-selector": "^4.0.0", "vega-functions": "^6.1.0", "vega-scale": "^8.1.0", "vega-util": "^2.1.0" } }, "sha512-g0lrYxtmYVW8G6yXpIS4J3Uxt9OUSkc0bLu5afoYDo4rZmoOOdll3x3ebActp5LHPW+usZIE+p5nukRS2vEc7Q=="],

    "vega-projection": ["vega-projection@2.1.0", "", { "dependencies": { "d3-geo": "^3.1.1", "d3-geo-projection": "^4.0.0", "vega-scale": "^8.1.0" } }, "sha512-EjRjVSoMR5ibrU7q8LaOQKP327NcOAM1+eZ+NO4ANvvAutwmbNVTmfA1VpPH+AD0AlBYc39ND/wnRk7SieDiXA=="],

    "vega-regression": ["vega-regression@2.1.0", "", { "dependencies": { "d3-array": "^3.2.4", "vega-dataflow": "^6.1.0", "vega-statistics": "^2.0.0", "vega-util": "^2.1.0" } }, "sha512-HzC7MuoEwG1rIxRaNTqgcaYF03z/ZxYkQR2D5BN0N45kLnHY1HJXiEcZkcffTsqXdspLjn47yLi44UoCwF5fxQ=="],

    "vega-runtime": ["vega-runtime@7.1.0", "", { "dependencies": { "vega-dataflow": "^6.1.0", "vega-util": "^2.1.0" } }, "sha512-mItI+WHimyEcZlZrQ/zYR3LwHVeyHCWwp7MKaBjkU8EwkSxEEGVceyGUY9X2YuJLiOgkLz/6juYDbMv60pfwYA=="],

    "vega-scale": ["vega-scale@8.1.0", "", { "dependencies": { "d3-array": "^3.2.4", "d3-interpolate": "^3.0.1", "d3-scale": "^4.0.2", "d3-scale-chromatic": "^3.1.0", "vega-time": "^3.1.0", "vega-util": "^2.1.0" } }, "sha512-VEgDuEcOec8+C8+FzLcnAmcXrv2gAJKqQifCdQhkgnsLa978vYUgVfCut/mBSMMHbH8wlUV1D0fKZTjRukA1+A=="],

    "vega-scenegraph": ["vega-scenegraph@5.1.0", "", { "dependencies": { "d3-path": "^3.1.0", "d3-shape": "^3.2.0", "vega-canvas": "^2.0.0", "vega-loader": "^5.1.0", "vega-scale": "^8.1.0", "vega-util": "^2.1.0" } }, "sha512-4gA89CFIxkZX+4Nvl8SZF2MBOqnlj9J5zgdPh/HPx+JOwtzSlUqIhxFpFj7GWYfwzr/PyZnguBLPihPw1Og/cA=="],

    "vega-selections": ["vega-selections@6.1.2", "", { "dependencies": { "d3-array": "3.2.4", "vega-expression": "^6.1.0", "vega-util": "^2.1.0" } }, "sha512-xJ+V4qdd46nk2RBdwIRrQm2iSTMHdlu/omhLz1pqRL3jZDrkqNBXimrisci2kIKpH2WBpA1YVagwuZEKBmF2Qw=="],

    "vega-statistics": ["vega-statistics@2.0.0", "", { "dependencies": { "d3-array": "^3.2.4" } }, "sha512-dGPfDXnBlgXbZF3oxtkb8JfeRXd5TYHx25Z/tIoaa9jWua4Vf/AoW2wwh8J1qmMy8J03/29aowkp1yk4DOPazQ=="],

    "vega-time": ["vega-time@3.1.0", "", { "dependencies": { "d3-array": "^3.2.4", "d3-time": "^3.1.0", "vega-util": "^2.1.0" } }, "sha512-G93mWzPwNa6UYQRkr8Ujur9uqxbBDjDT/WpXjbDY0yygdSkRT+zXF+Sb4gjhW0nPaqdiwkn0R6kZcSPMj1bMNA=="],

    "vega-transforms": ["vega-transforms@5.1.0", "", { "dependencies": { "d3-array": "^3.2.4", "vega-dataflow": "^6.1.0", "vega-statistics": "^2.0.0", "vega-time": "^3.1.0", "vega-util": "^2.1.0" } }, "sha512-mj/sO2tSuzzpiXX8JSl4DDlhEmVwM/46MTAzTNQUQzJPMI/n4ChCjr/SdEbfEyzlD4DPm1bjohZGjLc010yuMg=="],

    "vega-typings": ["vega-typings@2.1.0", "", { "dependencies": { "@types/geojson": "7946.0.16", "vega-event-selector": "^4.0.0", "vega-expression": "^6.1.0", "vega-util": "^2.1.0" } }, "sha512-zdis4Fg4gv37yEvTTSZEVMNhp8hwyEl7GZ4X4HHddRVRKxWFsbyKvZx/YW5Z9Ox4sjxVA2qHzEbod4Fdx+SEJA=="],

    "vega-util": ["vega-util@2.1.1", "", {}, "sha512-tpNmm8bGtUa8gKfFDSjXPffxqSyPr91vaWIEBnJS/rijhoLZMwM+mgYQG6XfwdcBSN1+jkZ57P0sYSEW/jophw=="],

    "vega-view": ["vega-view@6.1.0", "", { "dependencies": { "d3-array": "^3.2.4", "d3-timer": "^3.0.1", "vega-dataflow": "^6.1.0", "vega-format": "^2.1.0", "vega-functions": "^6.1.0", "vega-runtime": "^7.1.0", "vega-scenegraph": "^5.1.0", "vega-util": "^2.1.0" } }, "sha512-hmHDm/zC65lb23mb9Tr9Gx0wkxP0TMS31LpMPYxIZpvInxvUn7TYitkOtz1elr63k2YZrgmF7ztdGyQ4iCQ5fQ=="],

    "vega-view-transforms": ["vega-view-transforms@5.1.0", "", { "dependencies": { "vega-dataflow": "^6.1.0", "vega-scenegraph": "^5.1.0", "vega-util": "^2.1.0" } }, "sha512-fpigh/xn/32t+An1ShoY3MLeGzNdlbAp2+HvFKzPpmpMTZqJEWkk/J/wHU7Swyc28Ta7W1z3fO+8dZkOYO5TWQ=="],

    "vega-voronoi": ["vega-voronoi@5.1.0", "", { "dependencies": { "d3-delaunay": "^6.0.4", "vega-dataflow": "^6.1.0", "vega-util": "^2.1.0" } }, "sha512-uKdsoR9x60mz7eYtVG+NhlkdQXeVdMr6jHNAHxs+W+i6kawkUp5S9jp1xf1FmW/uZvtO1eqinHQNwATcDRsiUg=="],

    "vega-wordcloud": ["vega-wordcloud@5.1.0", "", { "dependencies": { "vega-canvas": "^2.0.0", "vega-dataflow": "^6.1.0", "vega-scale": "^8.1.0", "vega-statistics": "^2.0.0", "vega-util": "^2.1.0" } }, "sha512-sSdNmT8y2D7xXhM2h76dKyaYn3PA4eV49WUUkfYfqHz/vpcu10GSAoFxLhQQTkbZXR+q5ZB63tFUow9W2IFo6g=="],

    "which": ["which@2.0.2", "", { "dependencies": { "isexe": "^2.0.0" }, "bin": { "node-which": "./bin/node-which" } }, "sha512-BLI3Tl1TW3Pvl70l3yq3Y64i+awpwXqsGBYWkkqMtnbXgrMD+yj7rhW0kuEDxzJaYXGjEW5ogapKNMEKNMjibA=="],

    "wrap-ansi": ["wrap-ansi@9.0.2", "", { "dependencies": { "ansi-styles": "^6.2.1", "string-width": "^7.0.0", "strip-ansi": "^7.1.0" } }, "sha512-42AtmgqjV+X1VpdOfyTGOYRi0/zsoLqtXQckTmqTeybT+BDIbM/Guxo7x3pE2vtpr1ok6xRqM9OpBe+Jyoqyww=="],

    "y18n": ["y18n@5.0.8", "", {}, "sha512-0pfFzegeDWJHJIAmTLRP2DwHjdF5s7jo9tuztdQxAhINCdvS+3nGINqPd00AphqJR/0LhANUS6/+7SCb98YOfA=="],

    "yaml": ["yaml@2.9.0", "", { "bin": { "yaml": "bin.mjs" } }, "sha512-2AvhNX3mb8zd6Zy7INTtSpl1F15HW6Wnqj0srWlkKLcpYl/gMIMJiyuGq2KeI2YFxUPjdlB+3Lc10seMLtL4cA=="],

    "yargs": ["yargs@18.0.0", "", { "dependencies": { "cliui": "^9.0.1", "escalade": "^3.1.1", "get-caller-file": "^2.0.5", "string-width": "^7.2.0", "y18n": "^5.0.5", "yargs-parser": "^22.0.0" } }, "sha512-4UEqdc2RYGHZc7Doyqkrqiln3p9X2DZVxaGbwhn2pi7MrRagKaOcIKe8L3OxYcbhXLgLFUS3zAYuQjKBQgmuNg=="],

    "yargs-parser": ["yargs-parser@22.0.0", "", {}, "sha512-rwu/ClNdSMpkSrUb+d6BRsSkLUq1fmfsY6TOpYzTwvwkg1/NRG85KBy3kq++A8LKQwX6lsu+aWad+2khvuXrqw=="],

    "zod": ["zod@4.1.8", "", {}, "sha512-5R1P+WwQqmmMIEACyzSvo4JXHY5WiAFHRMg+zBZKgKS+Q1viRa0C1hmUKtHltoIFKtIdki3pRxkmpP74jnNYHQ=="],

    "topojson-client/commander": ["commander@2.20.3", "", {}, "sha512-GpVkmM8vF2vQUkj2LvZmD35JxeJOLCwJ9cUkugyk2nuhbv3+mJvpLYYt+0+USMxE+oj+ey/lJEnhZw75x/OMcQ=="],
  }
}
